<?xml version="1.0" encoding="utf-8"?>
<Project ToolsVersion="4.0" xmlns="http://schemas.microsoft.com/developer/msbuild/2003">
  <ItemGroup>
    <Filter Include="소스 파일">
      <UniqueIdentifier>{4FC737F1-C7A5-4376-A066-2A32D752A2FF}</UniqueIdentifier>
      <Extensions>cpp;c;cc;cxx;def;odl;idl;hpj;bat;asm;asmx</Extensions>
    </Filter>
    <Filter Include="헤더 파일">
      <UniqueIdentifier>{93995380-89BD-4b04-88EB-625FBE52EBFB}</UniqueIdentifier>
      <Extensions>h;hh;hpp;hxx;hm;inl;inc;xsd</Extensions>
    </Filter>
    <Filter Include="리소스 파일">
      <UniqueIdentifier>{67DA6AB6-F800-4c08-8B7A-83BB121AAD01}</UniqueIdentifier>
      <Extensions>rc;ico;cur;bmp;dlg;rc2;rct;bin;rgs;gif;jpg;jpeg;jpe;resx;tiff;tif;png;wav;mfcribbon-ms</Extensions>
    </Filter>
    <Filter Include="FrameWork">
      <UniqueIdentifier>{b9191be3-57f7-490d-88b4-408f4641683c}</UniqueIdentifier>
    </Filter>
    <Filter Include="Manager">
      <UniqueIdentifier>{39e4f90d-8866-48da-8c1b-8e6e5e3f2c8b}</UniqueIdentifier>
    </Filter>
    <Filter Include="FrameWork\MainGame">
      <UniqueIdentifier>{eeb8c392-ab17-49cd-8dd8-fc894d3b1f26}</UniqueIdentifier>
    </Filter>
    <Filter Include="헤더 파일\Useful">
      <UniqueIdentifier>{6c211174-88c6-49ef-bda2-2cc207cde1ee}</UniqueIdentifier>
    </Filter>
    <Filter Include="FrameWork\GameNode">
      <UniqueIdentifier>{516e8a5b-dae6-421d-9aca-424c4abd94cf}</UniqueIdentifier>
    </Filter>
    <Filter Include="소스 파일\GameObject">
      <UniqueIdentifier>{84918ea0-95f9-4647-a4fa-9a352700ae9a}</UniqueIdentifier>
    </Filter>
    <Filter Include="헤더 파일\GameObject">
      <UniqueIdentifier>{2d20f072-0414-44cf-83b1-71022cb1e646}</UniqueIdentifier>
    </Filter>
  </ItemGroup>
  <ItemGroup>
    <ClInclude Include="stdafx.h">
      <Filter>헤더 파일</Filter>
    </ClInclude>
    <ClInclude Include="targetver.h">
      <Filter>헤더 파일</Filter>
    </ClInclude>
    <ClInclude Include="resource.h">
      <Filter>헤더 파일</Filter>
    </ClInclude>
    <ClInclude Include="singletonBase.h">
      <Filter>FrameWork</Filter>
    </ClInclude>
    <ClInclude Include="mainGame.h">
      <Filter>FrameWork\MainGame</Filter>
    </ClInclude>
    <ClInclude Include="keyManager.h">
      <Filter>Manager</Filter>
    </ClInclude>
    <ClInclude Include="commonMacroFunction.h">
      <Filter>헤더 파일\Useful</Filter>
    </ClInclude>
    <ClInclude Include="randomFunction.h">
      <Filter>헤더 파일\Useful</Filter>
    </ClInclude>
    <ClInclude Include="gameObjectManager.h">
      <Filter>Manager</Filter>
    </ClInclude>
    <ClInclude Include="gameNode.h">
      <Filter>FrameWork\GameNode</Filter>
    </ClInclude>
    <ClInclude Include="block.h">
      <Filter>헤더 파일\GameObject</Filter>
    </ClInclude>
    <ClInclude Include="tag.h">
      <Filter>헤더 파일</Filter>
    </ClInclude>
    <ClInclude Include="gameObject.h">
      <Filter>헤더 파일\GameObject</Filter>
    </ClInclude>
    <ClInclude Include="renderer.h">
      <Filter>헤더 파일\Useful</Filter>
    </ClInclude>
    <ClInclude Include="piece.h">
      <Filter>헤더 파일\GameObject</Filter>
    </ClInclude>
  </ItemGroup>
  <ItemGroup>
    <ClCompile Include="stdafx.cpp">
      <Filter>소스 파일</Filter>
    </ClCompile>
    <ClCompile Include="mainGame.cpp">
      <Filter>FrameWork\MainGame</Filter>
    </ClCompile>
    <ClCompile Include="keyManager.cpp">
      <Filter>Manager</Filter>
    </ClCompile>
    <ClCompile Include="gameObjectManager.cpp">
      <Filter>Manager</Filter>
    </ClCompile>
    <ClCompile Include="gameNode.cpp">
      <Filter>FrameWork\GameNode</Filter>
    </ClCompile>
    <ClCompile Include="block.cpp">
      <Filter>소스 파일\GameObject</Filter>
    </ClCompile>
    <ClCompile Include="winMain.cpp">
      <Filter>헤더 파일</Filter>
    </ClCompile>
    <ClCompile Include="piece.cpp">
      <Filter>소스 파일\GameObject</Filter>
    </ClCompile>
  </ItemGroup>
  <ItemGroup>
    <ResourceCompile Include="180314_tetris.rc">
      <Filter>리소스 파일</Filter>
    </ResourceCompile>
  </ItemGroup>
  <ItemGroup>
    <Image Include="small.ico">
      <Filter>리소스 파일</Filter>
    </Image>
    <Image Include="180314_tetris.ico">
      <Filter>리소스 파일</Filter>
    </Image>
  </ItemGroup>
</Project>